
Microsoft Visual Studio Solution File, Format Version 12.00
# Visual Studio Version 17
VisualStudioVersion = 17.5.002.0
MinimumVisualStudioVersion = 10.0.40219.1
Project("{9A19103F-16F7-4668-BE54-9A1E7A4F7556}") = "Exercise6", "Exercise6.csproj", "{CBED0C38-3C0E-4ACC-AFDC-EF369AF86B6F}"
EndProject
Global
	GlobalSection(SolutionConfigurationPlatforms) = preSolution
		Debug|Any CPU = Debug|Any CPU
		Release|Any CPU = Release|Any CPU
	EndGlobalSection
	GlobalSection(ProjectConfigurationPlatforms) = postSolution
		{CBED0C38-3C0E-4ACC-AFDC-EF369AF86B6F}.Debug|Any CPU.ActiveCfg = Debug|Any CPU
		{CBED0C38-3C0E-4ACC-AFDC-EF369AF86B6F}.Debug|Any CPU.Build.0 = Debug|Any CPU
		{CBED0C38-3C0E-4ACC-AFDC-EF369AF86B6F}.Release|Any CPU.ActiveCfg = Release|Any CPU
		{CBED0C38-3C0E-4ACC-AFDC-EF369AF86B6F}.Release|Any CPU.Build.0 = Release|Any CPU
	EndGlobalSection
	GlobalSection(SolutionProperties) = preSolution
		HideSolutionNode = FALSE
	EndGlobalSection
	GlobalSection(ExtensibilityGlobals) = postSolution
		SolutionGuid = {8A9C6490-2CD9-4E80-AAA6-82F0C8D0983A}
	EndGlobalSection
EndGlobal
