
Microsoft Visual Studio Solution File, Format Version 12.00
# Visual Studio Version 17
VisualStudioVersion = 17.5.002.0
MinimumVisualStudioVersion = 10.0.40219.1
Project("{9A19103F-16F7-4668-BE54-9A1E7A4F7556}") = "Exercise2", "Exercise2.csproj", "{5B64E703-6452-4BEB-BDA4-ED9BABFCF911}"
EndProject
Global
	GlobalSection(SolutionConfigurationPlatforms) = preSolution
		Debug|Any CPU = Debug|Any CPU
		Release|Any CPU = Release|Any CPU
	EndGlobalSection
	GlobalSection(ProjectConfigurationPlatforms) = postSolution
		{5B64E703-6452-4BEB-BDA4-ED9BABFCF911}.Debug|Any CPU.ActiveCfg = Debug|Any CPU
		{5B64E703-6452-4BEB-BDA4-ED9BABFCF911}.Debug|Any CPU.Build.0 = Debug|Any CPU
		{5B64E703-6452-4BEB-BDA4-ED9BABFCF911}.Release|Any CPU.ActiveCfg = Release|Any CPU
		{5B64E703-6452-4BEB-BDA4-ED9BABFCF911}.Release|Any CPU.Build.0 = Release|Any CPU
	EndGlobalSection
	GlobalSection(SolutionProperties) = preSolution
		HideSolutionNode = FALSE
	EndGlobalSection
	GlobalSection(ExtensibilityGlobals) = postSolution
		SolutionGuid = {948E08E1-F7D0-4B24-A7AC-8F3AF3816140}
	EndGlobalSection
EndGlobal
